
Microsoft Visual Studio Solution File, Format Version 12.00
# Visual Studio Version 17
VisualStudioVersion = 17.4.33205.214
MinimumVisualStudioVersion = 10.0.40219.1
Project("{2150E333-8FDC-42A3-9474-1A3956D46DE8}") = "Services", "Services", "{CAA137D3-645D-4C21-8E14-1872B302A3A6}"
EndProject
Project("{2150E333-8FDC-42A3-9474-1A3956D46DE8}") = "Restaurant", "Restaurant", "{27126A75-6F2A-44C6-9656-E6AE71625EFA}"
EndProject
Project("{2150E333-8FDC-42A3-9474-1A3956D46DE8}") = "Orders", "Orders", "{F74BEBFE-532F-4E8E-B738-D98B296791C0}"
EndProject
Project("{2150E333-8FDC-42A3-9474-1A3956D46DE8}") = "src", "src", "{F531D3FA-C72F-4344-9C32-50AB76F1F8BC}"
EndProject
Project("{9A19103F-16F7-4668-BE54-9A1E7A4F7556}") = "Orders.API", "src\services\Orders\Orders.API\Orders.API.csproj", "{A2DBC1D1-B4DB-4FF3-B905-01CB6FD613E7}"
EndProject
Project("{9A19103F-16F7-4668-BE54-9A1E7A4F7556}") = "Restaurant.API", "src\services\Restaurant\Restaurant.API\Restaurant.API.csproj", "{DD52270B-52EF-457E-B208-B83BCB2A67AC}"
EndProject
Project("{9A19103F-16F7-4668-BE54-9A1E7A4F7556}") = "Restaurant.Domain", "src\services\Restaurant\Restaurant.Domain\Restaurant.Domain.csproj", "{ACF1C3FC-C216-430C-9106-C525EA8C90C6}"
EndProject
Project("{2150E333-8FDC-42A3-9474-1A3956D46DE8}") = "Common", "Common", "{9BF505A7-971D-4D0E-88B8-030E9260AD2D}"
EndProject
Project("{9A19103F-16F7-4668-BE54-9A1E7A4F7556}") = "Restaurant.Common", "src\common\Restaurant.Common\Restaurant.Common.csproj", "{668A694A-203F-4F12-B494-8E02BF7C2604}"
EndProject
Project("{9A19103F-16F7-4668-BE54-9A1E7A4F7556}") = "Orders.Domain", "src\services\Orders\Orders.Domain\Orders.Domain.csproj", "{A4D34070-5C1D-45D3-A683-C25107292A87}"
EndProject
Project("{2150E333-8FDC-42A3-9474-1A3956D46DE8}") = "Payment", "Payment", "{159461DB-DED2-44B5-BE2A-588F7E7F9D32}"
EndProject
Project("{2150E333-8FDC-42A3-9474-1A3956D46DE8}") = "Delivery", "Delivery", "{A94F8607-2FEE-42EC-96D1-889904C0F3A9}"
EndProject
Project("{9A19103F-16F7-4668-BE54-9A1E7A4F7556}") = "Payments.API", "src\services\Payments\Payments.API\Payments.API.csproj", "{E268EEFA-0464-4312-8AB9-17B2B94D4293}"
EndProject
Project("{9A19103F-16F7-4668-BE54-9A1E7A4F7556}") = "Delivery.API", "src\services\Delivery\Delivery.API\Delivery.API.csproj", "{14BB61AC-54AD-487A-8460-BE1F405C5CA9}"
EndProject
Project("{E53339B2-1760-4266-BCC7-CA923CBCF16C}") = "docker-compose", "docker-compose.dcproj", "{C6D227D0-2A9F-4A23-81B0-ABEDE4D28427}"
EndProject
Project("{FAE04EC0-301F-11D3-BF4B-00C04F79EFBC}") = "Orders.Application", "src\services\Orders\Orders.Application\Orders.Application\Orders.Application.csproj", "{4CE5290F-A574-453C-BD68-5D91D335BB16}"
EndProject
Project("{FAE04EC0-301F-11D3-BF4B-00C04F79EFBC}") = "Orders.Infrastructure", "src\services\Orders\Orders.Infrastructure\Orders.Infrastructure\Orders.Infrastructure.csproj", "{044B2A19-43DC-433E-9433-775F88D11FB5}"
EndProject
Project("{FAE04EC0-301F-11D3-BF4B-00C04F79EFBC}") = "Restaurant.Application", "src\services\Restaurant\Restaurant.Application\Restaurant.Application\Restaurant.Application.csproj", "{EF006070-25BC-478D-8AB1-0444AB21418D}"
EndProject
Project("{FAE04EC0-301F-11D3-BF4B-00C04F79EFBC}") = "Restaurant.Infrastructure", "src\services\Restaurant\Restaurant.Infrastructure\Restaurant.Infrastructure\Restaurant.Infrastructure.csproj", "{5270E7FE-59C5-4464-BD7F-21237CC350DF}"
EndProject
Project("{FAE04EC0-301F-11D3-BF4B-00C04F79EFBC}") = "Restaurant.AppHost", "Restaurant.AppHost\Restaurant.AppHost.csproj", "{76BE4308-F3D9-4B12-B0A6-2EC05A2E6EA1}"
EndProject
Project("{FAE04EC0-301F-11D3-BF4B-00C04F79EFBC}") = "Restaurant.ServiceDefaults", "Restaurant.ServiceDefaults\Restaurant.ServiceDefaults.csproj", "{F208BEB2-95E0-4FCA-98D2-07FA17B55A5C}"
EndProject
Global
	GlobalSection(SolutionConfigurationPlatforms) = preSolution
		Debug|Any CPU = Debug|Any CPU
		Debug|x64 = Debug|x64
		Debug|x86 = Debug|x86
		Release|Any CPU = Release|Any CPU
		Release|x64 = Release|x64
		Release|x86 = Release|x86
	EndGlobalSection
	GlobalSection(ProjectConfigurationPlatforms) = postSolution
		{A2DBC1D1-B4DB-4FF3-B905-01CB6FD613E7}.Debug|Any CPU.ActiveCfg = Debug|Any CPU
		{A2DBC1D1-B4DB-4FF3-B905-01CB6FD613E7}.Debug|Any CPU.Build.0 = Debug|Any CPU
		{A2DBC1D1-B4DB-4FF3-B905-01CB6FD613E7}.Debug|x64.ActiveCfg = Debug|Any CPU
		{A2DBC1D1-B4DB-4FF3-B905-01CB6FD613E7}.Debug|x64.Build.0 = Debug|Any CPU
		{A2DBC1D1-B4DB-4FF3-B905-01CB6FD613E7}.Debug|x86.ActiveCfg = Debug|Any CPU
		{A2DBC1D1-B4DB-4FF3-B905-01CB6FD613E7}.Debug|x86.Build.0 = Debug|Any CPU
		{A2DBC1D1-B4DB-4FF3-B905-01CB6FD613E7}.Release|Any CPU.ActiveCfg = Release|Any CPU
		{A2DBC1D1-B4DB-4FF3-B905-01CB6FD613E7}.Release|Any CPU.Build.0 = Release|Any CPU
		{A2DBC1D1-B4DB-4FF3-B905-01CB6FD613E7}.Release|x64.ActiveCfg = Release|Any CPU
		{A2DBC1D1-B4DB-4FF3-B905-01CB6FD613E7}.Release|x64.Build.0 = Release|Any CPU
		{A2DBC1D1-B4DB-4FF3-B905-01CB6FD613E7}.Release|x86.ActiveCfg = Release|Any CPU
		{A2DBC1D1-B4DB-4FF3-B905-01CB6FD613E7}.Release|x86.Build.0 = Release|Any CPU
		{DD52270B-52EF-457E-B208-B83BCB2A67AC}.Debug|Any CPU.ActiveCfg = Debug|Any CPU
		{DD52270B-52EF-457E-B208-B83BCB2A67AC}.Debug|Any CPU.Build.0 = Debug|Any CPU
		{DD52270B-52EF-457E-B208-B83BCB2A67AC}.Debug|x64.ActiveCfg = Debug|Any CPU
		{DD52270B-52EF-457E-B208-B83BCB2A67AC}.Debug|x64.Build.0 = Debug|Any CPU
		{DD52270B-52EF-457E-B208-B83BCB2A67AC}.Debug|x86.ActiveCfg = Debug|Any CPU
		{DD52270B-52EF-457E-B208-B83BCB2A67AC}.Debug|x86.Build.0 = Debug|Any CPU
		{DD52270B-52EF-457E-B208-B83BCB2A67AC}.Release|Any CPU.ActiveCfg = Release|Any CPU
		{DD52270B-52EF-457E-B208-B83BCB2A67AC}.Release|Any CPU.Build.0 = Release|Any CPU
		{DD52270B-52EF-457E-B208-B83BCB2A67AC}.Release|x64.ActiveCfg = Release|Any CPU
		{DD52270B-52EF-457E-B208-B83BCB2A67AC}.Release|x64.Build.0 = Release|Any CPU
		{DD52270B-52EF-457E-B208-B83BCB2A67AC}.Release|x86.ActiveCfg = Release|Any CPU
		{DD52270B-52EF-457E-B208-B83BCB2A67AC}.Release|x86.Build.0 = Release|Any CPU
		{ACF1C3FC-C216-430C-9106-C525EA8C90C6}.Debug|Any CPU.ActiveCfg = Debug|Any CPU
		{ACF1C3FC-C216-430C-9106-C525EA8C90C6}.Debug|Any CPU.Build.0 = Debug|Any CPU
		{ACF1C3FC-C216-430C-9106-C525EA8C90C6}.Debug|x64.ActiveCfg = Debug|Any CPU
		{ACF1C3FC-C216-430C-9106-C525EA8C90C6}.Debug|x64.Build.0 = Debug|Any CPU
		{ACF1C3FC-C216-430C-9106-C525EA8C90C6}.Debug|x86.ActiveCfg = Debug|Any CPU
		{ACF1C3FC-C216-430C-9106-C525EA8C90C6}.Debug|x86.Build.0 = Debug|Any CPU
		{ACF1C3FC-C216-430C-9106-C525EA8C90C6}.Release|Any CPU.ActiveCfg = Release|Any CPU
		{ACF1C3FC-C216-430C-9106-C525EA8C90C6}.Release|Any CPU.Build.0 = Release|Any CPU
		{ACF1C3FC-C216-430C-9106-C525EA8C90C6}.Release|x64.ActiveCfg = Release|Any CPU
		{ACF1C3FC-C216-430C-9106-C525EA8C90C6}.Release|x64.Build.0 = Release|Any CPU
		{ACF1C3FC-C216-430C-9106-C525EA8C90C6}.Release|x86.ActiveCfg = Release|Any CPU
		{ACF1C3FC-C216-430C-9106-C525EA8C90C6}.Release|x86.Build.0 = Release|Any CPU
		{668A694A-203F-4F12-B494-8E02BF7C2604}.Debug|Any CPU.ActiveCfg = Debug|Any CPU
		{668A694A-203F-4F12-B494-8E02BF7C2604}.Debug|Any CPU.Build.0 = Debug|Any CPU
		{668A694A-203F-4F12-B494-8E02BF7C2604}.Debug|x64.ActiveCfg = Debug|Any CPU
		{668A694A-203F-4F12-B494-8E02BF7C2604}.Debug|x64.Build.0 = Debug|Any CPU
		{668A694A-203F-4F12-B494-8E02BF7C2604}.Debug|x86.ActiveCfg = Debug|Any CPU
		{668A694A-203F-4F12-B494-8E02BF7C2604}.Debug|x86.Build.0 = Debug|Any CPU
		{668A694A-203F-4F12-B494-8E02BF7C2604}.Release|Any CPU.ActiveCfg = Release|Any CPU
		{668A694A-203F-4F12-B494-8E02BF7C2604}.Release|Any CPU.Build.0 = Release|Any CPU
		{668A694A-203F-4F12-B494-8E02BF7C2604}.Release|x64.ActiveCfg = Release|Any CPU
		{668A694A-203F-4F12-B494-8E02BF7C2604}.Release|x64.Build.0 = Release|Any CPU
		{668A694A-203F-4F12-B494-8E02BF7C2604}.Release|x86.ActiveCfg = Release|Any CPU
		{668A694A-203F-4F12-B494-8E02BF7C2604}.Release|x86.Build.0 = Release|Any CPU
		{A4D34070-5C1D-45D3-A683-C25107292A87}.Debug|Any CPU.ActiveCfg = Debug|Any CPU
		{A4D34070-5C1D-45D3-A683-C25107292A87}.Debug|Any CPU.Build.0 = Debug|Any CPU
		{A4D34070-5C1D-45D3-A683-C25107292A87}.Debug|x64.ActiveCfg = Debug|Any CPU
		{A4D34070-5C1D-45D3-A683-C25107292A87}.Debug|x64.Build.0 = Debug|Any CPU
		{A4D34070-5C1D-45D3-A683-C25107292A87}.Debug|x86.ActiveCfg = Debug|Any CPU
		{A4D34070-5C1D-45D3-A683-C25107292A87}.Debug|x86.Build.0 = Debug|Any CPU
		{A4D34070-5C1D-45D3-A683-C25107292A87}.Release|Any CPU.ActiveCfg = Release|Any CPU
		{A4D34070-5C1D-45D3-A683-C25107292A87}.Release|Any CPU.Build.0 = Release|Any CPU
		{A4D34070-5C1D-45D3-A683-C25107292A87}.Release|x64.ActiveCfg = Release|Any CPU
		{A4D34070-5C1D-45D3-A683-C25107292A87}.Release|x64.Build.0 = Release|Any CPU
		{A4D34070-5C1D-45D3-A683-C25107292A87}.Release|x86.ActiveCfg = Release|Any CPU
		{A4D34070-5C1D-45D3-A683-C25107292A87}.Release|x86.Build.0 = Release|Any CPU
		{E268EEFA-0464-4312-8AB9-17B2B94D4293}.Debug|Any CPU.ActiveCfg = Debug|Any CPU
		{E268EEFA-0464-4312-8AB9-17B2B94D4293}.Debug|Any CPU.Build.0 = Debug|Any CPU
		{E268EEFA-0464-4312-8AB9-17B2B94D4293}.Debug|x64.ActiveCfg = Debug|Any CPU
		{E268EEFA-0464-4312-8AB9-17B2B94D4293}.Debug|x64.Build.0 = Debug|Any CPU
		{E268EEFA-0464-4312-8AB9-17B2B94D4293}.Debug|x86.ActiveCfg = Debug|Any CPU
		{E268EEFA-0464-4312-8AB9-17B2B94D4293}.Debug|x86.Build.0 = Debug|Any CPU
		{E268EEFA-0464-4312-8AB9-17B2B94D4293}.Release|Any CPU.ActiveCfg = Release|Any CPU
		{E268EEFA-0464-4312-8AB9-17B2B94D4293}.Release|Any CPU.Build.0 = Release|Any CPU
		{E268EEFA-0464-4312-8AB9-17B2B94D4293}.Release|x64.ActiveCfg = Release|Any CPU
		{E268EEFA-0464-4312-8AB9-17B2B94D4293}.Release|x64.Build.0 = Release|Any CPU
		{E268EEFA-0464-4312-8AB9-17B2B94D4293}.Release|x86.ActiveCfg = Release|Any CPU
		{E268EEFA-0464-4312-8AB9-17B2B94D4293}.Release|x86.Build.0 = Release|Any CPU
		{14BB61AC-54AD-487A-8460-BE1F405C5CA9}.Debug|Any CPU.ActiveCfg = Debug|Any CPU
		{14BB61AC-54AD-487A-8460-BE1F405C5CA9}.Debug|Any CPU.Build.0 = Debug|Any CPU
		{14BB61AC-54AD-487A-8460-BE1F405C5CA9}.Debug|x64.ActiveCfg = Debug|Any CPU
		{14BB61AC-54AD-487A-8460-BE1F405C5CA9}.Debug|x64.Build.0 = Debug|Any CPU
		{14BB61AC-54AD-487A-8460-BE1F405C5CA9}.Debug|x86.ActiveCfg = Debug|Any CPU
		{14BB61AC-54AD-487A-8460-BE1F405C5CA9}.Debug|x86.Build.0 = Debug|Any CPU
		{14BB61AC-54AD-487A-8460-BE1F405C5CA9}.Release|Any CPU.ActiveCfg = Release|Any CPU
		{14BB61AC-54AD-487A-8460-BE1F405C5CA9}.Release|Any CPU.Build.0 = Release|Any CPU
		{14BB61AC-54AD-487A-8460-BE1F405C5CA9}.Release|x64.ActiveCfg = Release|Any CPU
		{14BB61AC-54AD-487A-8460-BE1F405C5CA9}.Release|x64.Build.0 = Release|Any CPU
		{14BB61AC-54AD-487A-8460-BE1F405C5CA9}.Release|x86.ActiveCfg = Release|Any CPU
		{14BB61AC-54AD-487A-8460-BE1F405C5CA9}.Release|x86.Build.0 = Release|Any CPU
		{C6D227D0-2A9F-4A23-81B0-ABEDE4D28427}.Debug|Any CPU.ActiveCfg = Debug|Any CPU
		{C6D227D0-2A9F-4A23-81B0-ABEDE4D28427}.Debug|Any CPU.Build.0 = Debug|Any CPU
		{C6D227D0-2A9F-4A23-81B0-ABEDE4D28427}.Debug|x64.ActiveCfg = Debug|x64
		{C6D227D0-2A9F-4A23-81B0-ABEDE4D28427}.Debug|x86.ActiveCfg = Debug|x86
		{C6D227D0-2A9F-4A23-81B0-ABEDE4D28427}.Release|Any CPU.ActiveCfg = Release|Any CPU
		{C6D227D0-2A9F-4A23-81B0-ABEDE4D28427}.Release|Any CPU.Build.0 = Release|Any CPU
		{C6D227D0-2A9F-4A23-81B0-ABEDE4D28427}.Release|x64.ActiveCfg = Release|x64
		{C6D227D0-2A9F-4A23-81B0-ABEDE4D28427}.Release|x86.ActiveCfg = Release|x86
		{4CE5290F-A574-453C-BD68-5D91D335BB16}.Debug|Any CPU.ActiveCfg = Debug|Any CPU
		{4CE5290F-A574-453C-BD68-5D91D335BB16}.Debug|Any CPU.Build.0 = Debug|Any CPU
		{4CE5290F-A574-453C-BD68-5D91D335BB16}.Debug|x64.ActiveCfg = Debug|Any CPU
		{4CE5290F-A574-453C-BD68-5D91D335BB16}.Debug|x64.Build.0 = Debug|Any CPU
		{4CE5290F-A574-453C-BD68-5D91D335BB16}.Debug|x86.ActiveCfg = Debug|Any CPU
		{4CE5290F-A574-453C-BD68-5D91D335BB16}.Debug|x86.Build.0 = Debug|Any CPU
		{4CE5290F-A574-453C-BD68-5D91D335BB16}.Release|Any CPU.ActiveCfg = Release|Any CPU
		{4CE5290F-A574-453C-BD68-5D91D335BB16}.Release|Any CPU.Build.0 = Release|Any CPU
		{4CE5290F-A574-453C-BD68-5D91D335BB16}.Release|x64.ActiveCfg = Release|Any CPU
		{4CE5290F-A574-453C-BD68-5D91D335BB16}.Release|x64.Build.0 = Release|Any CPU
		{4CE5290F-A574-453C-BD68-5D91D335BB16}.Release|x86.ActiveCfg = Release|Any CPU
		{4CE5290F-A574-453C-BD68-5D91D335BB16}.Release|x86.Build.0 = Release|Any CPU
		{044B2A19-43DC-433E-9433-775F88D11FB5}.Debug|Any CPU.ActiveCfg = Debug|Any CPU
		{044B2A19-43DC-433E-9433-775F88D11FB5}.Debug|Any CPU.Build.0 = Debug|Any CPU
		{044B2A19-43DC-433E-9433-775F88D11FB5}.Debug|x64.ActiveCfg = Debug|Any CPU
		{044B2A19-43DC-433E-9433-775F88D11FB5}.Debug|x64.Build.0 = Debug|Any CPU
		{044B2A19-43DC-433E-9433-775F88D11FB5}.Debug|x86.ActiveCfg = Debug|Any CPU
		{044B2A19-43DC-433E-9433-775F88D11FB5}.Debug|x86.Build.0 = Debug|Any CPU
		{044B2A19-43DC-433E-9433-775F88D11FB5}.Release|Any CPU.ActiveCfg = Release|Any CPU
		{044B2A19-43DC-433E-9433-775F88D11FB5}.Release|Any CPU.Build.0 = Release|Any CPU
		{044B2A19-43DC-433E-9433-775F88D11FB5}.Release|x64.ActiveCfg = Release|Any CPU
		{044B2A19-43DC-433E-9433-775F88D11FB5}.Release|x64.Build.0 = Release|Any CPU
		{044B2A19-43DC-433E-9433-775F88D11FB5}.Release|x86.ActiveCfg = Release|Any CPU
		{044B2A19-43DC-433E-9433-775F88D11FB5}.Release|x86.Build.0 = Release|Any CPU
		{EF006070-25BC-478D-8AB1-0444AB21418D}.Debug|Any CPU.ActiveCfg = Debug|Any CPU
		{EF006070-25BC-478D-8AB1-0444AB21418D}.Debug|Any CPU.Build.0 = Debug|Any CPU
		{EF006070-25BC-478D-8AB1-0444AB21418D}.Debug|x64.ActiveCfg = Debug|Any CPU
		{EF006070-25BC-478D-8AB1-0444AB21418D}.Debug|x64.Build.0 = Debug|Any CPU
		{EF006070-25BC-478D-8AB1-0444AB21418D}.Debug|x86.ActiveCfg = Debug|Any CPU
		{EF006070-25BC-478D-8AB1-0444AB21418D}.Debug|x86.Build.0 = Debug|Any CPU
		{EF006070-25BC-478D-8AB1-0444AB21418D}.Release|Any CPU.ActiveCfg = Release|Any CPU
		{EF006070-25BC-478D-8AB1-0444AB21418D}.Release|Any CPU.Build.0 = Release|Any CPU
		{EF006070-25BC-478D-8AB1-0444AB21418D}.Release|x64.ActiveCfg = Release|Any CPU
		{EF006070-25BC-478D-8AB1-0444AB21418D}.Release|x64.Build.0 = Release|Any CPU
		{EF006070-25BC-478D-8AB1-0444AB21418D}.Release|x86.ActiveCfg = Release|Any CPU
		{EF006070-25BC-478D-8AB1-0444AB21418D}.Release|x86.Build.0 = Release|Any CPU
		{5270E7FE-59C5-4464-BD7F-21237CC350DF}.Debug|Any CPU.ActiveCfg = Debug|Any CPU
		{5270E7FE-59C5-4464-BD7F-21237CC350DF}.Debug|Any CPU.Build.0 = Debug|Any CPU
		{5270E7FE-59C5-4464-BD7F-21237CC350DF}.Debug|x64.ActiveCfg = Debug|Any CPU
		{5270E7FE-59C5-4464-BD7F-21237CC350DF}.Debug|x64.Build.0 = Debug|Any CPU
		{5270E7FE-59C5-4464-BD7F-21237CC350DF}.Debug|x86.ActiveCfg = Debug|Any CPU
		{5270E7FE-59C5-4464-BD7F-21237CC350DF}.Debug|x86.Build.0 = Debug|Any CPU
		{5270E7FE-59C5-4464-BD7F-21237CC350DF}.Release|Any CPU.ActiveCfg = Release|Any CPU
		{5270E7FE-59C5-4464-BD7F-21237CC350DF}.Release|Any CPU.Build.0 = Release|Any CPU
		{5270E7FE-59C5-4464-BD7F-21237CC350DF}.Release|x64.ActiveCfg = Release|Any CPU
		{5270E7FE-59C5-4464-BD7F-21237CC350DF}.Release|x64.Build.0 = Release|Any CPU
		{5270E7FE-59C5-4464-BD7F-21237CC350DF}.Release|x86.ActiveCfg = Release|Any CPU
		{5270E7FE-59C5-4464-BD7F-21237CC350DF}.Release|x86.Build.0 = Release|Any CPU
		{76BE4308-F3D9-4B12-B0A6-2EC05A2E6EA1}.Debug|Any CPU.ActiveCfg = Debug|Any CPU
		{76BE4308-F3D9-4B12-B0A6-2EC05A2E6EA1}.Debug|Any CPU.Build.0 = Debug|Any CPU
		{76BE4308-F3D9-4B12-B0A6-2EC05A2E6EA1}.Debug|x64.ActiveCfg = Debug|Any CPU
		{76BE4308-F3D9-4B12-B0A6-2EC05A2E6EA1}.Debug|x64.Build.0 = Debug|Any CPU
		{76BE4308-F3D9-4B12-B0A6-2EC05A2E6EA1}.Debug|x86.ActiveCfg = Debug|Any CPU
		{76BE4308-F3D9-4B12-B0A6-2EC05A2E6EA1}.Debug|x86.Build.0 = Debug|Any CPU
		{76BE4308-F3D9-4B12-B0A6-2EC05A2E6EA1}.Release|Any CPU.ActiveCfg = Release|Any CPU
		{76BE4308-F3D9-4B12-B0A6-2EC05A2E6EA1}.Release|Any CPU.Build.0 = Release|Any CPU
		{76BE4308-F3D9-4B12-B0A6-2EC05A2E6EA1}.Release|x64.ActiveCfg = Release|Any CPU
		{76BE4308-F3D9-4B12-B0A6-2EC05A2E6EA1}.Release|x64.Build.0 = Release|Any CPU
		{76BE4308-F3D9-4B12-B0A6-2EC05A2E6EA1}.Release|x86.ActiveCfg = Release|Any CPU
		{76BE4308-F3D9-4B12-B0A6-2EC05A2E6EA1}.Release|x86.Build.0 = Release|Any CPU
		{F208BEB2-95E0-4FCA-98D2-07FA17B55A5C}.Debug|Any CPU.ActiveCfg = Debug|Any CPU
		{F208BEB2-95E0-4FCA-98D2-07FA17B55A5C}.Debug|Any CPU.Build.0 = Debug|Any CPU
		{F208BEB2-95E0-4FCA-98D2-07FA17B55A5C}.Debug|x64.ActiveCfg = Debug|Any CPU
		{F208BEB2-95E0-4FCA-98D2-07FA17B55A5C}.Debug|x64.Build.0 = Debug|Any CPU
		{F208BEB2-95E0-4FCA-98D2-07FA17B55A5C}.Debug|x86.ActiveCfg = Debug|Any CPU
		{F208BEB2-95E0-4FCA-98D2-07FA17B55A5C}.Debug|x86.Build.0 = Debug|Any CPU
		{F208BEB2-95E0-4FCA-98D2-07FA17B55A5C}.Release|Any CPU.ActiveCfg = Release|Any CPU
		{F208BEB2-95E0-4FCA-98D2-07FA17B55A5C}.Release|Any CPU.Build.0 = Release|Any CPU
		{F208BEB2-95E0-4FCA-98D2-07FA17B55A5C}.Release|x64.ActiveCfg = Release|Any CPU
		{F208BEB2-95E0-4FCA-98D2-07FA17B55A5C}.Release|x64.Build.0 = Release|Any CPU
		{F208BEB2-95E0-4FCA-98D2-07FA17B55A5C}.Release|x86.ActiveCfg = Release|Any CPU
		{F208BEB2-95E0-4FCA-98D2-07FA17B55A5C}.Release|x86.Build.0 = Release|Any CPU
	EndGlobalSection
	GlobalSection(SolutionProperties) = preSolution
		HideSolutionNode = FALSE
	EndGlobalSection
	GlobalSection(NestedProjects) = preSolution
		{CAA137D3-645D-4C21-8E14-1872B302A3A6} = {F531D3FA-C72F-4344-9C32-50AB76F1F8BC}
		{27126A75-6F2A-44C6-9656-E6AE71625EFA} = {CAA137D3-645D-4C21-8E14-1872B302A3A6}
		{F74BEBFE-532F-4E8E-B738-D98B296791C0} = {CAA137D3-645D-4C21-8E14-1872B302A3A6}
		{A2DBC1D1-B4DB-4FF3-B905-01CB6FD613E7} = {F74BEBFE-532F-4E8E-B738-D98B296791C0}
		{DD52270B-52EF-457E-B208-B83BCB2A67AC} = {27126A75-6F2A-44C6-9656-E6AE71625EFA}
		{ACF1C3FC-C216-430C-9106-C525EA8C90C6} = {27126A75-6F2A-44C6-9656-E6AE71625EFA}
		{9BF505A7-971D-4D0E-88B8-030E9260AD2D} = {F531D3FA-C72F-4344-9C32-50AB76F1F8BC}
		{668A694A-203F-4F12-B494-8E02BF7C2604} = {9BF505A7-971D-4D0E-88B8-030E9260AD2D}
		{A4D34070-5C1D-45D3-A683-C25107292A87} = {F74BEBFE-532F-4E8E-B738-D98B296791C0}
		{159461DB-DED2-44B5-BE2A-588F7E7F9D32} = {CAA137D3-645D-4C21-8E14-1872B302A3A6}
		{A94F8607-2FEE-42EC-96D1-889904C0F3A9} = {CAA137D3-645D-4C21-8E14-1872B302A3A6}
		{E268EEFA-0464-4312-8AB9-17B2B94D4293} = {159461DB-DED2-44B5-BE2A-588F7E7F9D32}
		{14BB61AC-54AD-487A-8460-BE1F405C5CA9} = {A94F8607-2FEE-42EC-96D1-889904C0F3A9}
		{4CE5290F-A574-453C-BD68-5D91D335BB16} = {F74BEBFE-532F-4E8E-B738-D98B296791C0}
		{044B2A19-43DC-433E-9433-775F88D11FB5} = {F74BEBFE-532F-4E8E-B738-D98B296791C0}
		{EF006070-25BC-478D-8AB1-0444AB21418D} = {27126A75-6F2A-44C6-9656-E6AE71625EFA}
		{5270E7FE-59C5-4464-BD7F-21237CC350DF} = {27126A75-6F2A-44C6-9656-E6AE71625EFA}
	EndGlobalSection
	GlobalSection(ExtensibilityGlobals) = postSolution
		SolutionGuid = {5AA6A2D2-EE9E-4B9D-880D-F4C822D7B908}
	EndGlobalSection
EndGlobal
